
Microsoft Visual Studio Solution File, Format Version 12.00
# Visual Studio 2013
VisualStudioVersion = 12.0.30723.0
MinimumVisualStudioVersion = 10.0.40219.1
Project("{FAE04EC0-301F-11D3-BF4B-00C04F79EFBC}") = "Sender", "Sender\Sender.csproj", "{B67ABC1F-5D60-4DD4-8797-F30CFD02F673}"
EndProject
Project("{FAE04EC0-301F-11D3-BF4B-00C04F79EFBC}") = "Consumer", "Consumer\Consumer.csproj", "{14707E7D-B4D7-4CDD-9CBD-E04504531F6A}"
EndProject
Project("{FAE04EC0-301F-11D3-BF4B-00C04F79EFBC}") = "Common", "Common\Common.csproj", "{DCE05A56-4185-4D13-B212-5BFB1E9F9439}"
EndProject
Global
	GlobalSection(SolutionConfigurationPlatforms) = preSolution
		Debug|Any CPU = Debug|Any CPU
		Release|Any CPU = Release|Any CPU
	EndGlobalSection
	GlobalSection(ProjectConfigurationPlatforms) = postSolution
		{B67ABC1F-5D60-4DD4-8797-F30CFD02F673}.Debug|Any CPU.ActiveCfg = Debug|Any CPU
		{B67ABC1F-5D60-4DD4-8797-F30CFD02F673}.Debug|Any CPU.Build.0 = Debug|Any CPU
		{B67ABC1F-5D60-4DD4-8797-F30CFD02F673}.Release|Any CPU.ActiveCfg = Release|Any CPU
		{B67ABC1F-5D60-4DD4-8797-F30CFD02F673}.Release|Any CPU.Build.0 = Release|Any CPU
		{14707E7D-B4D7-4CDD-9CBD-E04504531F6A}.Debug|Any CPU.ActiveCfg = Debug|Any CPU
		{14707E7D-B4D7-4CDD-9CBD-E04504531F6A}.Debug|Any CPU.Build.0 = Debug|Any CPU
		{14707E7D-B4D7-4CDD-9CBD-E04504531F6A}.Release|Any CPU.ActiveCfg = Release|Any CPU
		{14707E7D-B4D7-4CDD-9CBD-E04504531F6A}.Release|Any CPU.Build.0 = Release|Any CPU
		{DCE05A56-4185-4D13-B212-5BFB1E9F9439}.Debug|Any CPU.ActiveCfg = Debug|Any CPU
		{DCE05A56-4185-4D13-B212-5BFB1E9F9439}.Debug|Any CPU.Build.0 = Debug|Any CPU
		{DCE05A56-4185-4D13-B212-5BFB1E9F9439}.Release|Any CPU.ActiveCfg = Release|Any CPU
		{DCE05A56-4185-4D13-B212-5BFB1E9F9439}.Release|Any CPU.Build.0 = Release|Any CPU
	EndGlobalSection
	GlobalSection(SolutionProperties) = preSolution
		HideSolutionNode = FALSE
	EndGlobalSection
EndGlobal
